
Microsoft Visual Studio Solution File, Format Version 12.00
# Visual Studio Version 16
VisualStudioVersion = 16.0.32802.440
MinimumVisualStudioVersion = 10.0.40219.1
Project("{FAE04EC0-301F-11D3-BF4B-00C04F79EFBC}") = "Hello World", "Hello World\Hello World.csproj", "{2D5D6A33-0010-4C6F-B0D2-DD9047CC61B5}"
EndProject
Global
	GlobalSection(SolutionConfigurationPlatforms) = preSolution
		Debug|Any CPU = Debug|Any CPU
		Release|Any CPU = Release|Any CPU
	EndGlobalSection
	GlobalSection(ProjectConfigurationPlatforms) = postSolution
		{2D5D6A33-0010-4C6F-B0D2-DD9047CC61B5}.Debug|Any CPU.ActiveCfg = Debug|Any CPU
		{2D5D6A33-0010-4C6F-B0D2-DD9047CC61B5}.Debug|Any CPU.Build.0 = Debug|Any CPU
		{2D5D6A33-0010-4C6F-B0D2-DD9047CC61B5}.Release|Any CPU.ActiveCfg = Release|Any CPU
		{2D5D6A33-0010-4C6F-B0D2-DD9047CC61B5}.Release|Any CPU.Build.0 = Release|Any CPU
	EndGlobalSection
	GlobalSection(SolutionProperties) = preSolution
		HideSolutionNode = FALSE
	EndGlobalSection
	GlobalSection(ExtensibilityGlobals) = postSolution
		SolutionGuid = {2402D733-C1FF-4F7F-8917-8B40A7512FA9}
	EndGlobalSection
EndGlobal
